
Microsoft Visual Studio Solution File, Format Version 12.00
# Visual Studio Version 17
VisualStudioVersion = 17.4.32916.344
MinimumVisualStudioVersion = 10.0.40219.1
Project("{9A19103F-16F7-4668-BE54-9A1E7A4F7556}") = "Phonebook", "Phonebook.csproj", "{A01394CD-9670-4664-B707-2C03FE3871BD}"
EndProject
Project("{9A19103F-16F7-4668-BE54-9A1E7A4F7556}") = "Entities", "Entities\Entities.csproj", "{DC6CB778-1EBF-431C-87F9-63EF15A59635}"
EndProject
Project("{9A19103F-16F7-4668-BE54-9A1E7A4F7556}") = "Repositories", "Repositories\Repositories.csproj", "{B86E8B6B-FB37-4743-83C5-006BA75DB001}"
EndProject
Project("{9A19103F-16F7-4668-BE54-9A1E7A4F7556}") = "Services", "Services\Services.csproj", "{3CA67132-8F8F-4C65-81FD-6E097FAC062E}"
EndProject
Project("{9A19103F-16F7-4668-BE54-9A1E7A4F7556}") = "Tools", "Tools\Tools.csproj", "{CDE011D2-7660-42DE-AE82-6E3A9E418860}"
EndProject
Global
	GlobalSection(SolutionConfigurationPlatforms) = preSolution
		Debug|Any CPU = Debug|Any CPU
		Release|Any CPU = Release|Any CPU
	EndGlobalSection
	GlobalSection(ProjectConfigurationPlatforms) = postSolution
		{A01394CD-9670-4664-B707-2C03FE3871BD}.Debug|Any CPU.ActiveCfg = Debug|Any CPU
		{A01394CD-9670-4664-B707-2C03FE3871BD}.Debug|Any CPU.Build.0 = Debug|Any CPU
		{A01394CD-9670-4664-B707-2C03FE3871BD}.Release|Any CPU.ActiveCfg = Release|Any CPU
		{A01394CD-9670-4664-B707-2C03FE3871BD}.Release|Any CPU.Build.0 = Release|Any CPU
		{DC6CB778-1EBF-431C-87F9-63EF15A59635}.Debug|Any CPU.ActiveCfg = Debug|Any CPU
		{DC6CB778-1EBF-431C-87F9-63EF15A59635}.Debug|Any CPU.Build.0 = Debug|Any CPU
		{DC6CB778-1EBF-431C-87F9-63EF15A59635}.Release|Any CPU.ActiveCfg = Release|Any CPU
		{DC6CB778-1EBF-431C-87F9-63EF15A59635}.Release|Any CPU.Build.0 = Release|Any CPU
		{B86E8B6B-FB37-4743-83C5-006BA75DB001}.Debug|Any CPU.ActiveCfg = Debug|Any CPU
		{B86E8B6B-FB37-4743-83C5-006BA75DB001}.Debug|Any CPU.Build.0 = Debug|Any CPU
		{B86E8B6B-FB37-4743-83C5-006BA75DB001}.Release|Any CPU.ActiveCfg = Release|Any CPU
		{B86E8B6B-FB37-4743-83C5-006BA75DB001}.Release|Any CPU.Build.0 = Release|Any CPU
		{3CA67132-8F8F-4C65-81FD-6E097FAC062E}.Debug|Any CPU.ActiveCfg = Debug|Any CPU
		{3CA67132-8F8F-4C65-81FD-6E097FAC062E}.Debug|Any CPU.Build.0 = Debug|Any CPU
		{3CA67132-8F8F-4C65-81FD-6E097FAC062E}.Release|Any CPU.ActiveCfg = Release|Any CPU
		{3CA67132-8F8F-4C65-81FD-6E097FAC062E}.Release|Any CPU.Build.0 = Release|Any CPU
		{CDE011D2-7660-42DE-AE82-6E3A9E418860}.Debug|Any CPU.ActiveCfg = Debug|Any CPU
		{CDE011D2-7660-42DE-AE82-6E3A9E418860}.Debug|Any CPU.Build.0 = Debug|Any CPU
		{CDE011D2-7660-42DE-AE82-6E3A9E418860}.Release|Any CPU.ActiveCfg = Release|Any CPU
		{CDE011D2-7660-42DE-AE82-6E3A9E418860}.Release|Any CPU.Build.0 = Release|Any CPU
	EndGlobalSection
	GlobalSection(SolutionProperties) = preSolution
		HideSolutionNode = FALSE
	EndGlobalSection
	GlobalSection(ExtensibilityGlobals) = postSolution
		SolutionGuid = {57BF3B9A-D143-4E2B-A439-DA9C83D9786F}
	EndGlobalSection
EndGlobal
